dependencies:
- name: metaflow-service
  repository: ""
  version: 0.2.0
- name: metaflow-ui
  repository: ""
  version: 0.3.0
- name: postgresql
  repository: https://charts.bitnami.com/bitnami
  version: 14.3.3
digest: sha256:6b1695e1a9205f07d3e5d17abcbcde7d34f02aa44355a18f0895e9da6bba3155
generated: "2025-02-11T18:19:23.169395+02:00"
