dependencies:
- name: metaflow-service
  repository: ""
  version: 0.2.0
- name: metaflow-ui
  repository: ""
  version: 0.3.0
- name: postgresql
  repository: https://charts.bitnami.com/bitnami
  version: 14.3.3
digest: sha256:c9397633f678654b4d610387e66930c1a08461e639d58c4cba2e460362a22dd7
generated: "2025-02-11T18:41:35.993924+02:00"
